
Microsoft Visual Studio Solution File, Format Version 12.00
# Visual Studio Version 16
VisualStudioVersion = 16.0.31112.23
MinimumVisualStudioVersion = 10.0.40219.1
Project("{8BC9CEB8-8B4A-11D0-8D11-00A0C91BC942}") = "Sandbox", "Sandbox\Sandbox.vcxproj", "{D8E001BE-5D20-47BE-A402-3D95154C3E16}"
EndProject
Project("{8BC9CEB8-8B4A-11D0-8D11-00A0C91BC942}") = "PUEngine", "PUEngine\PUEngine.vcxproj", "{7CF85450-9B32-4476-BF29-7FDC27AA2166}"
EndProject
Global
	GlobalSection(SolutionConfigurationPlatforms) = preSolution
		Debug|x64 = Debug|x64
		Release|x64 = Release|x64
	EndGlobalSection
	GlobalSection(ProjectConfigurationPlatforms) = postSolution
		{7CF85450-9B32-4476-BF29-7FDC27AA2166}.Debug|x64.ActiveCfg = Debug|x64
		{7CF85450-9B32-4476-BF29-7FDC27AA2166}.Debug|x64.Build.0 = Debug|x64
		{7CF85450-9B32-4476-BF29-7FDC27AA2166}.Release|x64.ActiveCfg = Release|x64
		{7CF85450-9B32-4476-BF29-7FDC27AA2166}.Release|x64.Build.0 = Release|x64
		{D8E001BE-5D20-47BE-A402-3D95154C3E16}.Debug|x64.ActiveCfg = Debug|x64
		{D8E001BE-5D20-47BE-A402-3D95154C3E16}.Debug|x64.Build.0 = Debug|x64
		{D8E001BE-5D20-47BE-A402-3D95154C3E16}.Release|x64.ActiveCfg = Release|x64
		{D8E001BE-5D20-47BE-A402-3D95154C3E16}.Release|x64.Build.0 = Release|x64
	EndGlobalSection
	GlobalSection(SolutionProperties) = preSolution
		HideSolutionNode = FALSE
	EndGlobalSection
	GlobalSection(ExtensibilityGlobals) = postSolution
		SolutionGuid = {685553F8-04F3-4C34-867F-C2F2F02CF173}
	EndGlobalSection
EndGlobal
